
Microsoft Visual Studio Solution File, Format Version 12.00
# Visual Studio Version 17
VisualStudioVersion = 17.6.33723.286
MinimumVisualStudioVersion = 10.0.40219.1
Project("{FAE04EC0-301F-11D3-BF4B-00C04F79EFBC}") = "KaraokeTest", "KaraokeTest\KaraokeTest.csproj", "{2779D195-476D-4F39-BAD3-DB8EC551C4E0}"
EndProject
Global
	GlobalSection(SolutionConfigurationPlatforms) = preSolution
		Debug|Any CPU = Debug|Any CPU
		Release|Any CPU = Release|Any CPU
	EndGlobalSection
	GlobalSection(ProjectConfigurationPlatforms) = postSolution
		{2779D195-476D-4F39-BAD3-DB8EC551C4E0}.Debug|Any CPU.ActiveCfg = Debug|Any CPU
		{2779D195-476D-4F39-BAD3-DB8EC551C4E0}.Debug|Any CPU.Build.0 = Debug|Any CPU
		{2779D195-476D-4F39-BAD3-DB8EC551C4E0}.Release|Any CPU.ActiveCfg = Release|Any CPU
		{2779D195-476D-4F39-BAD3-DB8EC551C4E0}.Release|Any CPU.Build.0 = Release|Any CPU
	EndGlobalSection
	GlobalSection(SolutionProperties) = preSolution
		HideSolutionNode = FALSE
	EndGlobalSection
	GlobalSection(ExtensibilityGlobals) = postSolution
		SolutionGuid = {CB9A81EC-5057-46FC-9A4C-D91A214C29B3}
	EndGlobalSection
EndGlobal
