
Microsoft Visual Studio Solution File, Format Version 12.00
# Visual Studio Version 17
VisualStudioVersion = 17.7.34202.233
MinimumVisualStudioVersion = 10.0.40219.1
Project("{FAE04EC0-301F-11D3-BF4B-00C04F79EFBC}") = "CardGame2", "CardGame2\CardGame2.csproj", "{4A1ECC19-24F4-45C3-B2D1-6880ED231209}"
EndProject
Global
	GlobalSection(SolutionConfigurationPlatforms) = preSolution
		Debug|Any CPU = Debug|Any CPU
		Release|Any CPU = Release|Any CPU
	EndGlobalSection
	GlobalSection(ProjectConfigurationPlatforms) = postSolution
		{4A1ECC19-24F4-45C3-B2D1-6880ED231209}.Debug|Any CPU.ActiveCfg = Debug|Any CPU
		{4A1ECC19-24F4-45C3-B2D1-6880ED231209}.Debug|Any CPU.Build.0 = Debug|Any CPU
		{4A1ECC19-24F4-45C3-B2D1-6880ED231209}.Release|Any CPU.ActiveCfg = Release|Any CPU
		{4A1ECC19-24F4-45C3-B2D1-6880ED231209}.Release|Any CPU.Build.0 = Release|Any CPU
	EndGlobalSection
	GlobalSection(SolutionProperties) = preSolution
		HideSolutionNode = FALSE
	EndGlobalSection
	GlobalSection(ExtensibilityGlobals) = postSolution
		SolutionGuid = {EB6FFDCA-5A3B-4AB5-BD3E-8E7FFE1273E1}
	EndGlobalSection
EndGlobal
