
Microsoft Visual Studio Solution File, Format Version 12.00
# Visual Studio Version 17
VisualStudioVersion = 17.7.34202.233
MinimumVisualStudioVersion = 10.0.40219.1
Project("{FAE04EC0-301F-11D3-BF4B-00C04F79EFBC}") = "CardGame", "CardGame\CardGame.csproj", "{FFFC7A41-1FE5-4927-B0A2-7BB3842B8708}"
EndProject
Global
	GlobalSection(SolutionConfigurationPlatforms) = preSolution
		Debug|Any CPU = Debug|Any CPU
		Release|Any CPU = Release|Any CPU
	EndGlobalSection
	GlobalSection(ProjectConfigurationPlatforms) = postSolution
		{FFFC7A41-1FE5-4927-B0A2-7BB3842B8708}.Debug|Any CPU.ActiveCfg = Debug|Any CPU
		{FFFC7A41-1FE5-4927-B0A2-7BB3842B8708}.Debug|Any CPU.Build.0 = Debug|Any CPU
		{FFFC7A41-1FE5-4927-B0A2-7BB3842B8708}.Release|Any CPU.ActiveCfg = Release|Any CPU
		{FFFC7A41-1FE5-4927-B0A2-7BB3842B8708}.Release|Any CPU.Build.0 = Release|Any CPU
	EndGlobalSection
	GlobalSection(SolutionProperties) = preSolution
		HideSolutionNode = FALSE
	EndGlobalSection
	GlobalSection(ExtensibilityGlobals) = postSolution
		SolutionGuid = {D87BA714-02C2-4ACA-92C8-9415F7B8F765}
	EndGlobalSection
EndGlobal
